{
  "name": "contactlist",
  "version": "1.0.0",
  "lockfileVersion": 1,
  "requires": true,
  "dependencies": {
    "bluebird": {
      "version": "3.0.5",
      "resolved": "https://registry.npmjs.org/bluebird/-/bluebird-3.0.5.tgz",
      "integrity": "sha1-L/nQfJs+2ynW0oD+B1KDZefs05I="
    },
    "is": {
      "version": "3.2.1",
      "resolved": "https://registry.npmjs.org/is/-/is-3.2.1.tgz",
      "integrity": "sha1-0Kwq1V63sL7JJqUmb2xmKqqD3KU="
    },
    "mongoose-paginate": {
      "version": "5.0.3",
      "resolved": "https://registry.npmjs.org/mongoose-paginate/-/mongoose-paginate-5.0.3.tgz",
      "integrity": "sha1-165J7Vv2Tx9692IOqGW2cFjFU3E=",
      "requires": {
        "bluebird": "3.0.5"
      }
    },
    "mongoose-validator": {
      "version": "2.0.2",
      "resolved": "https://registry.npmjs.org/mongoose-validator/-/mongoose-validator-2.0.2.tgz",
      "integrity": "sha512-NOpngA5kYj835qerogxQLorziPEdY/HwwT4LKLOkz+E4wrKaCMwJmmve3S/tXOdWxUNYGScDcjUsQXVDmmX3Kg==",
      "requires": {
        "is": "^3.2.1",
        "validator": "^9.4.1"
      }
    },
    "validator": {
      "version": "9.4.1",
      "resolved": "https://registry.npmjs.org/validator/-/validator-9.4.1.tgz",
      "integrity": "sha512-YV5KjzvRmSyJ1ee/Dm5UED0G+1L4GZnLN3w6/T+zZm8scVua4sOhYKWTUrKa0H/tMiJyO9QLHMPN+9mB/aMunA=="
    }
  }
}
